// !$*UTF8*$!
{
	archiveVersion = 1;
	classes = {
	};
	objectVersion = 55;
	objects = {

/* Begin PBXBuildFile section */
		AF0B2707294CB29D00A0B812 /* AppDelegate.swift in Sources */ = {isa = PBXBuildFile; fileRef = AF0B2706294CB29D00A0B812 /* AppDelegate.swift */; };
		AF0B2709294CB29D00A0B812 /* SceneDelegate.swift in Sources */ = {isa = PBXBuildFile; fileRef = AF0B2708294CB29D00A0B812 /* SceneDelegate.swift */; };
		AF0B270B294CB29D00A0B812 /* ViewController.swift in Sources */ = {isa = PBXBuildFile; fileRef = AF0B270A294CB29D00A0B812 /* ViewController.swift */; };
		AF0B270E294CB29D00A0B812 /* Main.storyboard in Resources */ = {isa = PBXBuildFile; fileRef = AF0B270C294CB29D00A0B812 /* Main.storyboard */; };
		AF0B2710294CB2A100A0B812 /* Assets.xcassets in Resources */ = {isa = PBXBuildFile; fileRef = AF0B270F294CB2A100A0B812 /* Assets.xcassets */; };
		AF0B2713294CB2A100A0B812 /* LaunchScreen.storyboard in Resources */ = {isa = PBXBuildFile; fileRef = AF0B2711294CB2A100A0B812 /* LaunchScreen.storyboard */; };
		AF0B271F294CC51000A0B812 /* AnimationsEnums.swift in Sources */ = {isa = PBXBuildFile; fileRef = AF0B271E294CC51000A0B812 /* AnimationsEnums.swift */; };
		AF0B2722294CD8A200A0B812 /* ColorExtension.swift in Sources */ = {isa = PBXBuildFile; fileRef = AF0B2721294CD8A200A0B812 /* ColorExtension.swift */; };
		B80078B5BD80F5393D4B4E0E /* Pods_AnimationApplication.framework in Frameworks */ = {isa = PBXBuildFile; fileRef = 41D234FBB2E0319699F979B0 /* Pods_AnimationApplication.framework */; };
/* End PBXBuildFile section */

/* Begin PBXFileReference section */
		41D234FBB2E0319699F979B0 /* Pods_AnimationApplication.framework */ = {isa = PBXFileReference; explicitFileType = wrapper.framework; includeInIndex = 0; path = Pods_AnimationApplication.framework; sourceTree = BUILT_PRODUCTS_DIR; };
		72AF68C3FB4C0F7230F2F31A /* Pods-AnimationApplication.release.xcconfig */ = {isa = PBXFileReference; includeInIndex = 1; lastKnownFileType = text.xcconfig; name = "Pods-AnimationApplication.release.xcconfig"; path = "Target Support Files/Pods-AnimationApplication/Pods-AnimationApplication.release.xcconfig"; sourceTree = "<group>"; };
		AF0B2703294CB29D00A0B812 /* AnimationApplication.app */ = {isa = PBXFileReference; explicitFileType = wrapper.application; includeInIndex = 0; path = AnimationApplication.app; sourceTree = BUILT_PRODUCTS_DIR; };
		AF0B2706294CB29D00A0B812 /* AppDelegate.swift */ = {isa = PBXFileReference; lastKnownFileType = sourcecode.swift; path = AppDelegate.swift; sourceTree = "<group>"; };
		AF0B2708294CB29D00A0B812 /* SceneDelegate.swift */ = {isa = PBXFileReference; lastKnownFileType = sourcecode.swift; path = SceneDelegate.swift; sourceTree = "<group>"; };
		AF0B270A294CB29D00A0B812 /* ViewController.swift */ = {isa = PBXFileReference; lastKnownFileType = sourcecode.swift; path = ViewController.swift; sourceTree = "<group>"; };
		AF0B270D294CB29D00A0B812 /* Base */ = {isa = PBXFileReference; lastKnownFileType = file.storyboard; name = Base; path = Base.lproj/Main.storyboard; sourceTree = "<group>"; };
		AF0B270F294CB2A100A0B812 /* Assets.xcassets */ = {isa = PBXFileReference; lastKnownFileType = folder.assetcatalog; path = Assets.xcassets; sourceTree = "<group>"; };
		AF0B2712294CB2A100A0B812 /* Base */ = {isa = PBXFileReference; lastKnownFileType = file.storyboard; name = Base; path = Base.lproj/LaunchScreen.storyboard; sourceTree = "<group>"; };
		AF0B2714294CB2A100A0B812 /* Info.plist */ = {isa = PBXFileReference; lastKnownFileType = text.plist.xml; path = Info.plist; sourceTree = "<group>"; };
		AF0B271E294CC51000A0B812 /* AnimationsEnums.swift */ = {isa = PBXFileReference; lastKnownFileType = sourcecode.swift; path = AnimationsEnums.swift; sourceTree = "<group>"; };
		AF0B2721294CD8A200A0B812 /* ColorExtension.swift */ = {isa = PBXFileReference; lastKnownFileType = sourcecode.swift; path = ColorExtension.swift; sourceTree = "<group>"; };
		D7FB7C7A00C5C5824ADD96B2 /* Pods-AnimationApplication.debug.xcconfig */ = {isa = PBXFileReference; includeInIndex = 1; lastKnownFileType = text.xcconfig; name = "Pods-AnimationApplication.debug.xcconfig"; path = "Target Support Files/Pods-AnimationApplication/Pods-AnimationApplication.debug.xcconfig"; sourceTree = "<group>"; };
/* End PBXFileReference section */

/* Begin PBXFrameworksBuildPhase section */
		AF0B2700294CB29D00A0B812 /* Frameworks */ = {
			isa = PBXFrameworksBuildPhase;
			buildActionMask = 2147483647;
			files = (
				B80078B5BD80F5393D4B4E0E /* Pods_AnimationApplication.framework in Frameworks */,
			);
			runOnlyForDeploymentPostprocessing = 0;
		};
/* End PBXFrameworksBuildPhase section */

/* Begin PBXGroup section */
		A52B27B7D99F2D533342AB45 /* Pods */ = {
			isa = PBXGroup;
			children = (
				D7FB7C7A00C5C5824ADD96B2 /* Pods-AnimationApplication.debug.xcconfig */,
				72AF68C3FB4C0F7230F2F31A /* Pods-AnimationApplication.release.xcconfig */,
			);
			path = Pods;
			sourceTree = "<group>";
		};
		AF0B26FA294CB29D00A0B812 = {
			isa = PBXGroup;
			children = (
				AF0B2705294CB29D00A0B812 /* AnimationApplication */,
				AF0B2704294CB29D00A0B812 /* Products */,
				A52B27B7D99F2D533342AB45 /* Pods */,
				B20EE9A69AD7D1E4700AE723 /* Frameworks */,
			);
			sourceTree = "<group>";
		};
		AF0B2704294CB29D00A0B812 /* Products */ = {
			isa = PBXGroup;
			children = (
				AF0B2703294CB29D00A0B812 /* AnimationApplication.app */,
			);
			name = Products;
			sourceTree = "<group>";
		};
		AF0B2705294CB29D00A0B812 /* AnimationApplication */ = {
			isa = PBXGroup;
			children = (
				AF0B271D294CC14400A0B812 /* Model */,
				AF0B271B294CB9BD00A0B812 /* Views */,
				AF0B271C294CB9C500A0B812 /* Controllers */,
				AF0B2720294CD88B00A0B812 /* Extensions */,
				AF0B271A294CB9AE00A0B812 /* Delegates */,
				AF0B270F294CB2A100A0B812 /* Assets.xcassets */,
				AF0B2714294CB2A100A0B812 /* Info.plist */,
			);
			path = AnimationApplication;
			sourceTree = "<group>";
		};
		AF0B271A294CB9AE00A0B812 /* Delegates */ = {
			isa = PBXGroup;
			children = (
				AF0B2706294CB29D00A0B812 /* AppDelegate.swift */,
				AF0B2708294CB29D00A0B812 /* SceneDelegate.swift */,
			);
			path = Delegates;
			sourceTree = "<group>";
		};
		AF0B271B294CB9BD00A0B812 /* Views */ = {
			isa = PBXGroup;
			children = (
				AF0B270C294CB29D00A0B812 /* Main.storyboard */,
				AF0B2711294CB2A100A0B812 /* LaunchScreen.storyboard */,
			);
			path = Views;
			sourceTree = "<group>";
		};
		AF0B271C294CB9C500A0B812 /* Controllers */ = {
			isa = PBXGroup;
			children = (
				AF0B270A294CB29D00A0B812 /* ViewController.swift */,
			);
			path = Controllers;
			sourceTree = "<group>";
		};
		AF0B271D294CC14400A0B812 /* Model */ = {
			isa = PBXGroup;
			children = (
				AF0B271E294CC51000A0B812 /* AnimationsEnums.swift */,
			);
			path = Model;
			sourceTree = "<group>";
		};
		AF0B2720294CD88B00A0B812 /* Extensions */ = {
			isa = PBXGroup;
			children = (
				AF0B2721294CD8A200A0B812 /* ColorExtension.swift */,
			);
			path = Extensions;
			sourceTree = "<group>";
		};
		B20EE9A69AD7D1E4700AE723 /* Frameworks */ = {
			isa = PBXGroup;
			children = (
				41D234FBB2E0319699F979B0 /* Pods_AnimationApplication.framework */,
			);
			name = Frameworks;
			sourceTree = "<group>";
		};
/* End PBXGroup section */

/* Begin PBXNativeTarget section */
		AF0B2702294CB29D00A0B812 /* AnimationApplication */ = {
			isa = PBXNativeTarget;
			buildConfigurationList = AF0B2717294CB2A100A0B812 /* Build configuration list for PBXNativeTarget "AnimationApplication" */;
			buildPhases = (
				E3F78DB3A306BAAF7B1F077F /* [CP] Check Pods Manifest.lock */,
				AF0B26FF294CB29D00A0B812 /* Sources */,
				AF0B2700294CB29D00A0B812 /* Frameworks */,
				AF0B2701294CB29D00A0B812 /* Resources */,
				3367A5A031809BC00DBAB45B /* [CP] Embed Pods Frameworks */,
			);
			buildRules = (
			);
			dependencies = (
			);
			name = AnimationApplication;
			productName = AnimationApplication;
			productReference = AF0B2703294CB29D00A0B812 /* AnimationApplication.app */;
			productType = "com.apple.product-type.application";
		};
/* End PBXNativeTarget section */

/* Begin PBXProject section */
		AF0B26FB294CB29D00A0B812 /* Project object */ = {
			isa = PBXProject;
			attributes = {
				BuildIndependentTargetsInParallel = 1;
				LastSwiftUpdateCheck = 1340;
				LastUpgradeCheck = 1340;
				TargetAttributes = {
					AF0B2702294CB29D00A0B812 = {
						CreatedOnToolsVersion = 13.4.1;
					};
				};
			};
			buildConfigurationList = AF0B26FE294CB29D00A0B812 /* Build configuration list for PBXProject "AnimationApplication" */;
			compatibilityVersion = "Xcode 13.0";
			developmentRegion = en;
			hasScannedForEncodings = 0;
			knownRegions = (
				en,
				Base,
			);
			mainGroup = AF0B26FA294CB29D00A0B812;
			productRefGroup = AF0B2704294CB29D00A0B812 /* Products */;
			projectDirPath = "";
			projectRoot = "";
			targets = (
				AF0B2702294CB29D00A0B812 /* AnimationApplication */,
			);
		};
/* End PBXProject section */

/* Begin PBXResourcesBuildPhase section */
		AF0B2701294CB29D00A0B812 /* Resources */ = {
			isa = PBXResourcesBuildPhase;
			buildActionMask = 2147483647;
			files = (
				AF0B2713294CB2A100A0B812 /* LaunchScreen.storyboard in Resources */,
				AF0B2710294CB2A100A0B812 /* Assets.xcassets in Resources */,
				AF0B270E294CB29D00A0B812 /* Main.storyboard in Resources */,
			);
			runOnlyForDeploymentPostprocessing = 0;
		};
/* End PBXResourcesBuildPhase section */

/* Begin PBXShellScriptBuildPhase section */
		3367A5A031809BC00DBAB45B /* [CP] Embed Pods Frameworks */ = {
			isa = PBXShellScriptBuildPhase;
			buildActionMask = 2147483647;
			files = (
			);
			inputFileListPaths = (
				"${PODS_ROOT}/Target Support Files/Pods-AnimationApplication/Pods-AnimationApplication-frameworks-${CONFIGURATION}-input-files.xcfilelist",
			);
			name = "[CP] Embed Pods Frameworks";
			outputFileListPaths = (
				"${PODS_ROOT}/Target Support Files/Pods-AnimationApplication/Pods-AnimationApplication-frameworks-${CONFIGURATION}-output-files.xcfilelist",
			);
			runOnlyForDeploymentPostprocessing = 0;
			shellPath = /bin/sh;
			shellScript = "\"${PODS_ROOT}/Target Support Files/Pods-AnimationApplication/Pods-AnimationApplication-frameworks.sh\"\n";
			showEnvVarsInLog = 0;
		};
		E3F78DB3A306BAAF7B1F077F /* [CP] Check Pods Manifest.lock */ = {
			isa = PBXShellScriptBuildPhase;
			buildActionMask = 2147483647;
			files = (
			);
			inputFileListPaths = (
			);
			inputPaths = (
				"${PODS_PODFILE_DIR_PATH}/Podfile.lock",
				"${PODS_ROOT}/Manifest.lock",
			);
			name = "[CP] Check Pods Manifest.lock";
			outputFileListPaths = (
			);
			outputPaths = (
				"$(DERIVED_FILE_DIR)/Pods-AnimationApplication-checkManifestLockResult.txt",
			);
			runOnlyForDeploymentPostprocessing = 0;
			shellPath = /bin/sh;
			shellScript = "diff \"${PODS_PODFILE_DIR_PATH}/Podfile.lock\" \"${PODS_ROOT}/Manifest.lock\" > /dev/null\nif [ $? != 0 ] ; then\n    # print error to STDERR\n    echo \"error: The sandbox is not in sync with the Podfile.lock. Run 'pod install' or update your CocoaPods installation.\" >&2\n    exit 1\nfi\n# This output is used by Xcode 'outputs' to avoid re-running this script phase.\necho \"SUCCESS\" > \"${SCRIPT_OUTPUT_FILE_0}\"\n";
			showEnvVarsInLog = 0;
		};
/* End PBXShellScriptBuildPhase section */

/* Begin PBXSourcesBuildPhase section */
		AF0B26FF294CB29D00A0B812 /* Sources */ = {
			isa = PBXSourcesBuildPhase;
			buildActionMask = 2147483647;
			files = (
				AF0B270B294CB29D00A0B812 /* ViewController.swift in Sources */,
				AF0B2707294CB29D00A0B812 /* AppDelegate.swift in Sources */,
				AF0B2709294CB29D00A0B812 /* SceneDelegate.swift in Sources */,
				AF0B271F294CC51000A0B812 /* AnimationsEnums.swift in Sources */,
				AF0B2722294CD8A200A0B812 /* ColorExtension.swift in Sources */,
			);
			runOnlyForDeploymentPostprocessing = 0;
		};
/* End PBXSourcesBuildPhase section */

/* Begin PBXVariantGroup section */
		AF0B270C294CB29D00A0B812 /* Main.storyboard */ = {
			isa = PBXVariantGroup;
			children = (
				AF0B270D294CB29D00A0B812 /* Base */,
			);
			name = Main.storyboard;
			sourceTree = "<group>";
		};
		AF0B2711294CB2A100A0B812 /* LaunchScreen.storyboard */ = {
			isa = PBXVariantGroup;
			children = (
				AF0B2712294CB2A100A0B812 /* Base */,
			);
			name = LaunchScreen.storyboard;
			sourceTree = "<group>";
		};
/* End PBXVariantGroup section */

/* Begin XCBuildConfiguration section */
		AF0B2715294CB2A100A0B812 /* Debug */ = {
			isa = XCBuildConfiguration;
			buildSettings = {
				ALWAYS_SEARCH_USER_PATHS = NO;
				CLANG_ANALYZER_NONNULL = YES;
				CLANG_ANALYZER_NUMBER_OBJECT_CONVERSION = YES_AGGRESSIVE;
				CLANG_CXX_LANGUAGE_STANDARD = "gnu++17";
				CLANG_ENABLE_MODULES = YES;
				CLANG_ENABLE_OBJC_ARC = YES;
				CLANG_ENABLE_OBJC_WEAK = YES;
				CLANG_WARN_BLOCK_CAPTURE_AUTORELEASING = YES;
				CLANG_WARN_BOOL_CONVERSION = YES;
				CLANG_WARN_COMMA = YES;
				CLANG_WARN_CONSTANT_CONVERSION = YES;
				CLANG_WARN_DEPRECATED_OBJC_IMPLEMENTATIONS = YES;
				CLANG_WARN_DIRECT_OBJC_ISA_USAGE = YES_ERROR;
				CLANG_WARN_DOCUMENTATION_COMMENTS = YES;
				CLANG_WARN_EMPTY_BODY = YES;
				CLANG_WARN_ENUM_CONVERSION = YES;
				CLANG_WARN_INFINITE_RECURSION = YES;
				CLANG_WARN_INT_CONVERSION = YES;
				CLANG_WARN_NON_LITERAL_NULL_CONVERSION = YES;
				CLANG_WARN_OBJC_IMPLICIT_RETAIN_SELF = YES;
				CLANG_WARN_OBJC_LITERAL_CONVERSION = YES;
				CLANG_WARN_OBJC_ROOT_CLASS = YES_ERROR;
				CLANG_WARN_QUOTED_INCLUDE_IN_FRAMEWORK_HEADER = YES;
				CLANG_WARN_RANGE_LOOP_ANALYSIS = YES;
				CLANG_WARN_STRICT_PROTOTYPES = YES;
				CLANG_WARN_SUSPICIOUS_MOVE = YES;
				CLANG_WARN_UNGUARDED_AVAILABILITY = YES_AGGRESSIVE;
				CLANG_WARN_UNREACHABLE_CODE = YES;
				CLANG_WARN__DUPLICATE_METHOD_MATCH = YES;
				COPY_PHASE_STRIP = NO;
				DEBUG_INFORMATION_FORMAT = dwarf;
				ENABLE_STRICT_OBJC_MSGSEND = YES;
				ENABLE_TESTABILITY = YES;
				GCC_C_LANGUAGE_STANDARD = gnu11;
				GCC_DYNAMIC_NO_PIC = NO;
				GCC_NO_COMMON_BLOCKS = YES;
				GCC_OPTIMIZATION_LEVEL = 0;
				GCC_PREPROCESSOR_DEFINITIONS = (
					"DEBUG=1",
					"$(inherited)",
				);
				GCC_WARN_64_TO_32_BIT_CONVERSION = YES;
				GCC_WARN_ABOUT_RETURN_TYPE = YES_ERROR;
				GCC_WARN_UNDECLARED_SELECTOR = YES;
				GCC_WARN_UNINITIALIZED_AUTOS = YES_AGGRESSIVE;
				GCC_WARN_UNUSED_FUNCTION = YES;
				GCC_WARN_UNUSED_VARIABLE = YES;
				IPHONEOS_DEPLOYMENT_TARGET = 15.5;
				MTL_ENABLE_DEBUG_INFO = INCLUDE_SOURCE;
				MTL_FAST_MATH = YES;
				ONLY_ACTIVE_ARCH = YES;
				SDKROOT = iphoneos;
				SWIFT_ACTIVE_COMPILATION_CONDITIONS = DEBUG;
				SWIFT_OPTIMIZATION_LEVEL = "-Onone";
			};
			name = Debug;
		};
		AF0B2716294CB2A100A0B812 /* Release */ = {
			isa = XCBuildConfiguration;
			buildSettings = {
				ALWAYS_SEARCH_USER_PATHS = NO;
				CLANG_ANALYZER_NONNULL = YES;
				CLANG_ANALYZER_NUMBER_OBJECT_CONVERSION = YES_AGGRESSIVE;
				CLANG_CXX_LANGUAGE_STANDARD = "gnu++17";
				CLANG_ENABLE_MODULES = YES;
				CLANG_ENABLE_OBJC_ARC = YES;
				CLANG_ENABLE_OBJC_WEAK = YES;
				CLANG_WARN_BLOCK_CAPTURE_AUTORELEASING = YES;
				CLANG_WARN_BOOL_CONVERSION = YES;
				CLANG_WARN_COMMA = YES;
				CLANG_WARN_CONSTANT_CONVERSION = YES;
				CLANG_WARN_DEPRECATED_OBJC_IMPLEMENTATIONS = YES;
				CLANG_WARN_DIRECT_OBJC_ISA_USAGE = YES_ERROR;
				CLANG_WARN_DOCUMENTATION_COMMENTS = YES;
				CLANG_WARN_EMPTY_BODY = YES;
				CLANG_WARN_ENUM_CONVERSION = YES;
				CLANG_WARN_INFINITE_RECURSION = YES;
				CLANG_WARN_INT_CONVERSION = YES;
				CLANG_WARN_NON_LITERAL_NULL_CONVERSION = YES;
				CLANG_WARN_OBJC_IMPLICIT_RETAIN_SELF = YES;
				CLANG_WARN_OBJC_LITERAL_CONVERSION = YES;
				CLANG_WARN_OBJC_ROOT_CLASS = YES_ERROR;
				CLANG_WARN_QUOTED_INCLUDE_IN_FRAMEWORK_HEADER = YES;
				CLANG_WARN_RANGE_LOOP_ANALYSIS = YES;
				CLANG_WARN_STRICT_PROTOTYPES = YES;
				CLANG_WARN_SUSPICIOUS_MOVE = YES;
				CLANG_WARN_UNGUARDED_AVAILABILITY = YES_AGGRESSIVE;
				CLANG_WARN_UNREACHABLE_CODE = YES;
				CLANG_WARN__DUPLICATE_METHOD_MATCH = YES;
				COPY_PHASE_STRIP = NO;
				DEBUG_INFORMATION_FORMAT = "dwarf-with-dsym";
				ENABLE_NS_ASSERTIONS = NO;
				ENABLE_STRICT_OBJC_MSGSEND = YES;
				GCC_C_LANGUAGE_STANDARD = gnu11;
				GCC_NO_COMMON_BLOCKS = YES;
				GCC_WARN_64_TO_32_BIT_CONVERSION = YES;
				GCC_WARN_ABOUT_RETURN_TYPE = YES_ERROR;
				GCC_WARN_UNDECLARED_SELECTOR = YES;
				GCC_WARN_UNINITIALIZED_AUTOS = YES_AGGRESSIVE;
				GCC_WARN_UNUSED_FUNCTION = YES;
				GCC_WARN_UNUSED_VARIABLE = YES;
				IPHONEOS_DEPLOYMENT_TARGET = 15.5;
				MTL_ENABLE_DEBUG_INFO = NO;
				MTL_FAST_MATH = YES;
				SDKROOT = iphoneos;
				SWIFT_COMPILATION_MODE = wholemodule;
				SWIFT_OPTIMIZATION_LEVEL = "-O";
				VALIDATE_PRODUCT = YES;
			};
			name = Release;
		};
		AF0B2718294CB2A100A0B812 /* Debug */ = {
			isa = XCBuildConfiguration;
			baseConfigurationReference = D7FB7C7A00C5C5824ADD96B2 /* Pods-AnimationApplication.debug.xcconfig */;
			buildSettings = {
				ASSETCATALOG_COMPILER_APPICON_NAME = AppIcon;
				ASSETCATALOG_COMPILER_GLOBAL_ACCENT_COLOR_NAME = AccentColor;
				CODE_SIGN_STYLE = Automatic;
				CURRENT_PROJECT_VERSION = 1;
				DEVELOPMENT_TEAM = JQSUXNGVC5;
				GENERATE_INFOPLIST_FILE = YES;
				INFOPLIST_FILE = AnimationApplication/Info.plist;
				INFOPLIST_KEY_UIApplicationSupportsIndirectInputEvents = YES;
				INFOPLIST_KEY_UILaunchStoryboardName = LaunchScreen;
				INFOPLIST_KEY_UIMainStoryboardFile = Main;
				INFOPLIST_KEY_UISupportedInterfaceOrientations_iPad = "UIInterfaceOrientationPortrait UIInterfaceOrientationPortraitUpsideDown UIInterfaceOrientationLandscapeLeft UIInterfaceOrientationLandscapeRight";
				INFOPLIST_KEY_UISupportedInterfaceOrientations_iPhone = "UIInterfaceOrientationPortrait UIInterfaceOrientationLandscapeLeft UIInterfaceOrientationLandscapeRight";
				LD_RUNPATH_SEARCH_PATHS = (
					"$(inherited)",
					"@executable_path/Frameworks",
				);
				MARKETING_VERSION = 1.0;
				PRODUCT_BUNDLE_IDENTIFIER = EugeneZabrodski.AnimationApplication;
				PRODUCT_NAME = "$(TARGET_NAME)";
				SWIFT_EMIT_LOC_STRINGS = YES;
				SWIFT_VERSION = 5.0;
				TARGETED_DEVICE_FAMILY = "1,2";
			};
			name = Debug;
		};
		AF0B2719294CB2A100A0B812 /* Release */ = {
			isa = XCBuildConfiguration;
			baseConfigurationReference = 72AF68C3FB4C0F7230F2F31A /* Pods-AnimationApplication.release.xcconfig */;
			buildSettings = {
				ASSETCATALOG_COMPILER_APPICON_NAME = AppIcon;
				ASSETCATALOG_COMPILER_GLOBAL_ACCENT_COLOR_NAME = AccentColor;
				CODE_SIGN_STYLE = Automatic;
				CURRENT_PROJECT_VERSION = 1;
				DEVELOPMENT_TEAM = JQSUXNGVC5;
				GENERATE_INFOPLIST_FILE = YES;
				INFOPLIST_FILE = AnimationApplication/Info.plist;
				INFOPLIST_KEY_UIApplicationSupportsIndirectInputEvents = YES;
				INFOPLIST_KEY_UILaunchStoryboardName = LaunchScreen;
				INFOPLIST_KEY_UIMainStoryboardFile = Main;
				INFOPLIST_KEY_UISupportedInterfaceOrientations_iPad = "UIInterfaceOrientationPortrait UIInterfaceOrientationPortraitUpsideDown UIInterfaceOrientationLandscapeLeft UIInterfaceOrientationLandscapeRight";
				INFOPLIST_KEY_UISupportedInterfaceOrientations_iPhone = "UIInterfaceOrientationPortrait UIInterfaceOrientationLandscapeLeft UIInterfaceOrientationLandscapeRight";
				LD_RUNPATH_SEARCH_PATHS = (
					"$(inherited)",
					"@executable_path/Frameworks",
				);
				MARKETING_VERSION = 1.0;
				PRODUCT_BUNDLE_IDENTIFIER = EugeneZabrodski.AnimationApplication;
				PRODUCT_NAME = "$(TARGET_NAME)";
				SWIFT_EMIT_LOC_STRINGS = YES;
				SWIFT_VERSION = 5.0;
				TARGETED_DEVICE_FAMILY = "1,2";
			};
			name = Release;
		};
/* End XCBuildConfiguration section */

/* Begin XCConfigurationList section */
		AF0B26FE294CB29D00A0B812 /* Build configuration list for PBXProject "AnimationApplication" */ = {
			isa = XCConfigurationList;
			buildConfigurations = (
				AF0B2715294CB2A100A0B812 /* Debug */,
				AF0B2716294CB2A100A0B812 /* Release */,
			);
			defaultConfigurationIsVisible = 0;
			defaultConfigurationName = Release;
		};
		AF0B2717294CB2A100A0B812 /* Build configuration list for PBXNativeTarget "AnimationApplication" */ = {
			isa = XCConfigurationList;
			buildConfigurations = (
				AF0B2718294CB2A100A0B812 /* Debug */,
				AF0B2719294CB2A100A0B812 /* Release */,
			);
			defaultConfigurationIsVisible = 0;
			defaultConfigurationName = Release;
		};
/* End XCConfigurationList section */
	};
	rootObject = AF0B26FB294CB29D00A0B812 /* Project object */;
}
